
Microsoft Visual Studio Solution File, Format Version 12.00
# Visual Studio Version 16
VisualStudioVersion = 16.0.29926.136
MinimumVisualStudioVersion = 10.0.40219.1
Project("{FAE04EC0-301F-11D3-BF4B-00C04F79EFBC}") = "ICS_Converter_Service", "ICS_Converter_Service\ICS_Converter_Service.csproj", "{3A1315DB-FA17-479F-90C0-C4D94912EF8C}"
EndProject
Global
	GlobalSection(SolutionConfigurationPlatforms) = preSolution
		Debug|Any CPU = Debug|Any CPU
		Release|Any CPU = Release|Any CPU
	EndGlobalSection
	GlobalSection(ProjectConfigurationPlatforms) = postSolution
		{3A1315DB-FA17-479F-90C0-C4D94912EF8C}.Debug|Any CPU.ActiveCfg = Debug|Any CPU
		{3A1315DB-FA17-479F-90C0-C4D94912EF8C}.Debug|Any CPU.Build.0 = Debug|Any CPU
		{3A1315DB-FA17-479F-90C0-C4D94912EF8C}.Release|Any CPU.ActiveCfg = Release|Any CPU
		{3A1315DB-FA17-479F-90C0-C4D94912EF8C}.Release|Any CPU.Build.0 = Release|Any CPU
	EndGlobalSection
	GlobalSection(SolutionProperties) = preSolution
		HideSolutionNode = FALSE
	EndGlobalSection
	GlobalSection(ExtensibilityGlobals) = postSolution
		SolutionGuid = {6CA06EF4-F5A1-4DC8-B71E-0571A411698A}
	EndGlobalSection
EndGlobal
